<Solution>
  <Project Path="src/CSharpWebApi/CSharpWebApi.csproj" Id="A1B2C3D4-E5F6-7890-ABCD-EF1234567890" />
  <Project Path="tests/CSharpWebApi.Tests/CSharpWebApi.Tests.csproj" Id="B2C3D4E5-F6A7-8901-BCDE-F12345678901" />
  <Project Path="tools/CSharpWebApi.Tools/CSharpWebApi.Tools.csproj" Id="D4E5F6A7-B890-1234-DEF0-234567890123" />
</Solution>
